// !$*UTF8*$!
{
	archiveVersion = 1;
	classes = {
	};
	objectVersion = 46;
	objects = {

/* Begin PBXBuildFile section */
		555CCFBC1BD1BD1500CF7544 /* AngleAdjust.cpp in Sources */ = {isa = PBXBuildFile; fileRef = 555CCFBA1BD1BD1500CF7544 /* AngleAdjust.cpp */; };
		555CCFBF1BD1BD3700CF7544 /* ShadowDetect.cpp in Sources */ = {isa = PBXBuildFile; fileRef = 555CCFBD1BD1BD3700CF7544 /* ShadowDetect.cpp */; };
		555CCFC41BD1BEE300CF7544 /* ShapeDiff.cpp in Sources */ = {isa = PBXBuildFile; fileRef = 555CCFC01BD1BEE300CF7544 /* ShapeDiff.cpp */; };
		555CCFC51BD1BEE300CF7544 /* ShapeLearning.cpp in Sources */ = {isa = PBXBuildFile; fileRef = 555CCFC21BD1BEE300CF7544 /* ShapeLearning.cpp */; };
		555CCFC81BD2C05500CF7544 /* FinalResultShow.cpp in Sources */ = {isa = PBXBuildFile; fileRef = 555CCFC61BD2C05500CF7544 /* FinalResultShow.cpp */; };
		55AD6A4D1B683FFB0020E96A /* BasicMath.cpp in Sources */ = {isa = PBXBuildFile; fileRef = 55AD6A4B1B683FFB0020E96A /* BasicMath.cpp */; };
		55AD6A501B6880C30020E96A /* BodyModel.cpp in Sources */ = {isa = PBXBuildFile; fileRef = 55AD6A4E1B6880C30020E96A /* BodyModel.cpp */; };
		55CA6B9E1B5F5F7F00C36D3D /* main.cpp in Sources */ = {isa = PBXBuildFile; fileRef = 55CA6B9D1B5F5F7F00C36D3D /* main.cpp */; };
/* End PBXBuildFile section */

/* Begin PBXCopyFilesBuildPhase section */
		55CA6B981B5F5F7F00C36D3D /* CopyFiles */ = {
			isa = PBXCopyFilesBuildPhase;
			buildActionMask = 2147483647;
			dstPath = /usr/share/man/man1/;
			dstSubfolderSpec = 0;
			files = (
			);
			runOnlyForDeploymentPostprocessing = 1;
		};
/* End PBXCopyFilesBuildPhase section */

/* Begin PBXFileReference section */
		555CCFBA1BD1BD1500CF7544 /* AngleAdjust.cpp */ = {isa = PBXFileReference; fileEncoding = 4; lastKnownFileType = sourcecode.cpp.cpp; path = AngleAdjust.cpp; sourceTree = "<group>"; };
		555CCFBB1BD1BD1500CF7544 /* AngleAdjust.hpp */ = {isa = PBXFileReference; fileEncoding = 4; lastKnownFileType = sourcecode.cpp.h; path = AngleAdjust.hpp; sourceTree = "<group>"; };
		555CCFBD1BD1BD3700CF7544 /* ShadowDetect.cpp */ = {isa = PBXFileReference; fileEncoding = 4; lastKnownFileType = sourcecode.cpp.cpp; path = ShadowDetect.cpp; sourceTree = "<group>"; };
		555CCFBE1BD1BD3700CF7544 /* ShadowDetect.hpp */ = {isa = PBXFileReference; fileEncoding = 4; lastKnownFileType = sourcecode.cpp.h; path = ShadowDetect.hpp; sourceTree = "<group>"; };
		555CCFC01BD1BEE300CF7544 /* ShapeDiff.cpp */ = {isa = PBXFileReference; fileEncoding = 4; lastKnownFileType = sourcecode.cpp.cpp; path = ShapeDiff.cpp; sourceTree = "<group>"; };
		555CCFC11BD1BEE300CF7544 /* ShapeDiff.hpp */ = {isa = PBXFileReference; fileEncoding = 4; lastKnownFileType = sourcecode.cpp.h; path = ShapeDiff.hpp; sourceTree = "<group>"; };
		555CCFC21BD1BEE300CF7544 /* ShapeLearning.cpp */ = {isa = PBXFileReference; fileEncoding = 4; lastKnownFileType = sourcecode.cpp.cpp; path = ShapeLearning.cpp; sourceTree = "<group>"; };
		555CCFC31BD1BEE300CF7544 /* ShapeLearning.hpp */ = {isa = PBXFileReference; fileEncoding = 4; lastKnownFileType = sourcecode.cpp.h; path = ShapeLearning.hpp; sourceTree = "<group>"; };
		555CCFC61BD2C05500CF7544 /* FinalResultShow.cpp */ = {isa = PBXFileReference; fileEncoding = 4; lastKnownFileType = sourcecode.cpp.cpp; path = FinalResultShow.cpp; sourceTree = "<group>"; };
		555CCFC71BD2C05500CF7544 /* FinalResultShow.hpp */ = {isa = PBXFileReference; fileEncoding = 4; lastKnownFileType = sourcecode.cpp.h; path = FinalResultShow.hpp; sourceTree = "<group>"; };
		55AD6A4B1B683FFB0020E96A /* BasicMath.cpp */ = {isa = PBXFileReference; fileEncoding = 4; lastKnownFileType = sourcecode.cpp.cpp; path = BasicMath.cpp; sourceTree = "<group>"; };
		55AD6A4C1B683FFB0020E96A /* BasicMath.hpp */ = {isa = PBXFileReference; fileEncoding = 4; lastKnownFileType = sourcecode.cpp.h; path = BasicMath.hpp; sourceTree = "<group>"; };
		55AD6A4E1B6880C30020E96A /* BodyModel.cpp */ = {isa = PBXFileReference; fileEncoding = 4; lastKnownFileType = sourcecode.cpp.cpp; path = BodyModel.cpp; sourceTree = "<group>"; };
		55AD6A4F1B6880C30020E96A /* BodyModel.hpp */ = {isa = PBXFileReference; fileEncoding = 4; lastKnownFileType = sourcecode.cpp.h; path = BodyModel.hpp; sourceTree = "<group>"; };
		55CA6B9A1B5F5F7F00C36D3D /* ProcessImage */ = {isa = PBXFileReference; explicitFileType = "compiled.mach-o.executable"; includeInIndex = 0; path = ProcessImage; sourceTree = BUILT_PRODUCTS_DIR; };
		55CA6B9D1B5F5F7F00C36D3D /* main.cpp */ = {isa = PBXFileReference; lastKnownFileType = sourcecode.cpp.cpp; path = main.cpp; sourceTree = "<group>"; };
/* End PBXFileReference section */

/* Begin PBXFrameworksBuildPhase section */
		55CA6B971B5F5F7F00C36D3D /* Frameworks */ = {
			isa = PBXFrameworksBuildPhase;
			buildActionMask = 2147483647;
			files = (
			);
			runOnlyForDeploymentPostprocessing = 0;
		};
/* End PBXFrameworksBuildPhase section */

/* Begin PBXGroup section */
		55CA6B911B5F5F7F00C36D3D = {
			isa = PBXGroup;
			children = (
				55CA6B9C1B5F5F7F00C36D3D /* ProcessImage */,
				55CA6B9B1B5F5F7F00C36D3D /* Products */,
			);
			sourceTree = "<group>";
		};
		55CA6B9B1B5F5F7F00C36D3D /* Products */ = {
			isa = PBXGroup;
			children = (
				55CA6B9A1B5F5F7F00C36D3D /* ProcessImage */,
			);
			name = Products;
			sourceTree = "<group>";
		};
		55CA6B9C1B5F5F7F00C36D3D /* ProcessImage */ = {
			isa = PBXGroup;
			children = (
				555CCFC01BD1BEE300CF7544 /* ShapeDiff.cpp */,
				555CCFC11BD1BEE300CF7544 /* ShapeDiff.hpp */,
				555CCFC21BD1BEE300CF7544 /* ShapeLearning.cpp */,
				555CCFC31BD1BEE300CF7544 /* ShapeLearning.hpp */,
				555CCFBA1BD1BD1500CF7544 /* AngleAdjust.cpp */,
				555CCFBB1BD1BD1500CF7544 /* AngleAdjust.hpp */,
				55CA6B9D1B5F5F7F00C36D3D /* main.cpp */,
				55AD6A4B1B683FFB0020E96A /* BasicMath.cpp */,
				55AD6A4C1B683FFB0020E96A /* BasicMath.hpp */,
				55AD6A4E1B6880C30020E96A /* BodyModel.cpp */,
				55AD6A4F1B6880C30020E96A /* BodyModel.hpp */,
				555CCFBD1BD1BD3700CF7544 /* ShadowDetect.cpp */,
				555CCFBE1BD1BD3700CF7544 /* ShadowDetect.hpp */,
				555CCFC61BD2C05500CF7544 /* FinalResultShow.cpp */,
				555CCFC71BD2C05500CF7544 /* FinalResultShow.hpp */,
			);
			path = ProcessImage;
			sourceTree = "<group>";
		};
/* End PBXGroup section */

/* Begin PBXNativeTarget section */
		55CA6B991B5F5F7F00C36D3D /* ProcessImage */ = {
			isa = PBXNativeTarget;
			buildConfigurationList = 55CA6BA11B5F5F7F00C36D3D /* Build configuration list for PBXNativeTarget "ProcessImage" */;
			buildPhases = (
				55CA6B961B5F5F7F00C36D3D /* Sources */,
				55CA6B971B5F5F7F00C36D3D /* Frameworks */,
				55CA6B981B5F5F7F00C36D3D /* CopyFiles */,
			);
			buildRules = (
			);
			dependencies = (
			);
			name = ProcessImage;
			productName = ProcessImage;
			productReference = 55CA6B9A1B5F5F7F00C36D3D /* ProcessImage */;
			productType = "com.apple.product-type.tool";
		};
/* End PBXNativeTarget section */

/* Begin PBXProject section */
		55CA6B921B5F5F7F00C36D3D /* Project object */ = {
			isa = PBXProject;
			attributes = {
				LastUpgradeCheck = 0700;
				ORGANIZATIONNAME = "Weiwei Chen";
				TargetAttributes = {
					55CA6B991B5F5F7F00C36D3D = {
						CreatedOnToolsVersion = 7.0;
					};
				};
			};
			buildConfigurationList = 55CA6B951B5F5F7F00C36D3D /* Build configuration list for PBXProject "ProcessImage" */;
			compatibilityVersion = "Xcode 3.2";
			developmentRegion = English;
			hasScannedForEncodings = 0;
			knownRegions = (
				en,
			);
			mainGroup = 55CA6B911B5F5F7F00C36D3D;
			productRefGroup = 55CA6B9B1B5F5F7F00C36D3D /* Products */;
			projectDirPath = "";
			projectRoot = "";
			targets = (
				55CA6B991B5F5F7F00C36D3D /* ProcessImage */,
			);
		};
/* End PBXProject section */

/* Begin PBXSourcesBuildPhase section */
		55CA6B961B5F5F7F00C36D3D /* Sources */ = {
			isa = PBXSourcesBuildPhase;
			buildActionMask = 2147483647;
			files = (
				555CCFBF1BD1BD3700CF7544 /* ShadowDetect.cpp in Sources */,
				555CCFBC1BD1BD1500CF7544 /* AngleAdjust.cpp in Sources */,
				55AD6A501B6880C30020E96A /* BodyModel.cpp in Sources */,
				55AD6A4D1B683FFB0020E96A /* BasicMath.cpp in Sources */,
				555CCFC41BD1BEE300CF7544 /* ShapeDiff.cpp in Sources */,
				555CCFC51BD1BEE300CF7544 /* ShapeLearning.cpp in Sources */,
				555CCFC81BD2C05500CF7544 /* FinalResultShow.cpp in Sources */,
				55CA6B9E1B5F5F7F00C36D3D /* main.cpp in Sources */,
			);
			runOnlyForDeploymentPostprocessing = 0;
		};
/* End PBXSourcesBuildPhase section */

/* Begin XCBuildConfiguration section */
		55CA6B9F1B5F5F7F00C36D3D /* Debug */ = {
			isa = XCBuildConfiguration;
			buildSettings = {
				ALWAYS_SEARCH_USER_PATHS = NO;
				CLANG_CXX_LANGUAGE_STANDARD = "gnu++0x";
				CLANG_CXX_LIBRARY = "libc++";
				CLANG_ENABLE_MODULES = YES;
				CLANG_ENABLE_OBJC_ARC = YES;
				CLANG_WARN_BOOL_CONVERSION = YES;
				CLANG_WARN_CONSTANT_CONVERSION = YES;
				CLANG_WARN_DIRECT_OBJC_ISA_USAGE = YES_ERROR;
				CLANG_WARN_EMPTY_BODY = YES;
				CLANG_WARN_ENUM_CONVERSION = YES;
				CLANG_WARN_INT_CONVERSION = YES;
				CLANG_WARN_OBJC_ROOT_CLASS = YES_ERROR;
				CLANG_WARN_UNREACHABLE_CODE = YES;
				CLANG_WARN__DUPLICATE_METHOD_MATCH = YES;
				COPY_PHASE_STRIP = NO;
				DEBUG_INFORMATION_FORMAT = dwarf;
				ENABLE_STRICT_OBJC_MSGSEND = YES;
				ENABLE_TESTABILITY = YES;
				GCC_C_LANGUAGE_STANDARD = gnu99;
				GCC_DYNAMIC_NO_PIC = NO;
				GCC_NO_COMMON_BLOCKS = YES;
				GCC_OPTIMIZATION_LEVEL = 0;
				GCC_PREPROCESSOR_DEFINITIONS = (
					"DEBUG=1",
					"$(inherited)",
				);
				GCC_WARN_64_TO_32_BIT_CONVERSION = YES;
				GCC_WARN_ABOUT_RETURN_TYPE = YES_ERROR;
				GCC_WARN_UNDECLARED_SELECTOR = YES;
				GCC_WARN_UNINITIALIZED_AUTOS = YES_AGGRESSIVE;
				GCC_WARN_UNUSED_FUNCTION = YES;
				GCC_WARN_UNUSED_VARIABLE = YES;
				MACOSX_DEPLOYMENT_TARGET = 10.10;
				MTL_ENABLE_DEBUG_INFO = YES;
				ONLY_ACTIVE_ARCH = YES;
				SDKROOT = macosx;
			};
			name = Debug;
		};
		55CA6BA01B5F5F7F00C36D3D /* Release */ = {
			isa = XCBuildConfiguration;
			buildSettings = {
				ALWAYS_SEARCH_USER_PATHS = NO;
				CLANG_CXX_LANGUAGE_STANDARD = "gnu++0x";
				CLANG_CXX_LIBRARY = "libc++";
				CLANG_ENABLE_MODULES = YES;
				CLANG_ENABLE_OBJC_ARC = YES;
				CLANG_WARN_BOOL_CONVERSION = YES;
				CLANG_WARN_CONSTANT_CONVERSION = YES;
				CLANG_WARN_DIRECT_OBJC_ISA_USAGE = YES_ERROR;
				CLANG_WARN_EMPTY_BODY = YES;
				CLANG_WARN_ENUM_CONVERSION = YES;
				CLANG_WARN_INT_CONVERSION = YES;
				CLANG_WARN_OBJC_ROOT_CLASS = YES_ERROR;
				CLANG_WARN_UNREACHABLE_CODE = YES;
				CLANG_WARN__DUPLICATE_METHOD_MATCH = YES;
				COPY_PHASE_STRIP = NO;
				DEBUG_INFORMATION_FORMAT = "dwarf-with-dsym";
				ENABLE_NS_ASSERTIONS = NO;
				ENABLE_STRICT_OBJC_MSGSEND = YES;
				GCC_C_LANGUAGE_STANDARD = gnu99;
				GCC_NO_COMMON_BLOCKS = YES;
				GCC_WARN_64_TO_32_BIT_CONVERSION = YES;
				GCC_WARN_ABOUT_RETURN_TYPE = YES_ERROR;
				GCC_WARN_UNDECLARED_SELECTOR = YES;
				GCC_WARN_UNINITIALIZED_AUTOS = YES_AGGRESSIVE;
				GCC_WARN_UNUSED_FUNCTION = YES;
				GCC_WARN_UNUSED_VARIABLE = YES;
				MACOSX_DEPLOYMENT_TARGET = 10.10;
				MTL_ENABLE_DEBUG_INFO = NO;
				SDKROOT = macosx;
			};
			name = Release;
		};
		55CA6BA21B5F5F7F00C36D3D /* Debug */ = {
			isa = XCBuildConfiguration;
			buildSettings = {
				HEADER_SEARCH_PATHS = /usr/local/include;
				LIBRARY_SEARCH_PATHS = /usr/local/lib;
				OTHER_LDFLAGS = (
					"-lopencv_calib3d",
					"-lopencv_core",
					"-lopencv_features2d",
					"-lopencv_flann",
					"-lopencv_highgui",
					"-lopencv_imgcodecs",
					"-lopencv_imgproc",
					"-lopencv_ml",
					"-lopencv_objdetect",
					"-lopencv_photo",
					"-lopencv_shape",
					"-lopencv_stitching",
					"-lopencv_superres",
					"-lopencv_ts",
					"-lopencv_video",
					"-lopencv_videoio",
					"-lopencv_videostab\n-lopencv_calib3d",
					"-lopencv_core",
					"-lopencv_features2d",
					"-lopencv_flann",
					"-lopencv_highgui",
					"-lopencv_imgcodecs",
					"-lopencv_imgproc",
					"-lopencv_ml",
					"-lopencv_objdetect",
					"-lopencv_photo",
					"-lopencv_shape",
					"-lopencv_stitching",
					"-lopencv_superres",
					"-lopencv_ts",
					"-lopencv_video",
					"-lopencv_videoio",
					"-lopencv_videostab\n-lopencv_calib3d",
					"-lopencv_core",
					"-lopencv_features2d",
					"-lopencv_flann",
					"-lopencv_highgui",
					"-lopencv_imgcodecs",
					"-lopencv_imgproc",
					"-lopencv_ml",
					"-lopencv_objdetect",
					"-lopencv_photo",
					"-lopencv_shape",
					"-lopencv_stitching",
					"-lopencv_superres",
					"-lopencv_ts",
					"-lopencv_video",
					"-lopencv_videoio",
					"-lopencv_videostab",
				);
				PRODUCT_NAME = "$(TARGET_NAME)";
			};
			name = Debug;
		};
		55CA6BA31B5F5F7F00C36D3D /* Release */ = {
			isa = XCBuildConfiguration;
			buildSettings = {
				HEADER_SEARCH_PATHS = /usr/local/include;
				LIBRARY_SEARCH_PATHS = /usr/local/lib;
				OTHER_LDFLAGS = (
					"-lopencv_calib3d",
					"-lopencv_core",
					"-lopencv_features2d",
					"-lopencv_flann",
					"-lopencv_highgui",
					"-lopencv_imgcodecs",
					"-lopencv_imgproc",
					"-lopencv_ml",
					"-lopencv_objdetect",
					"-lopencv_photo",
					"-lopencv_shape",
					"-lopencv_stitching",
					"-lopencv_superres",
					"-lopencv_ts",
					"-lopencv_video",
					"-lopencv_videoio",
					"-lopencv_videostab\n-lopencv_calib3d",
					"-lopencv_core",
					"-lopencv_features2d",
					"-lopencv_flann",
					"-lopencv_highgui",
					"-lopencv_imgcodecs",
					"-lopencv_imgproc",
					"-lopencv_ml",
					"-lopencv_objdetect",
					"-lopencv_photo",
					"-lopencv_shape",
					"-lopencv_stitching",
					"-lopencv_superres",
					"-lopencv_ts",
					"-lopencv_video",
					"-lopencv_videoio",
					"-lopencv_videostab\n-lopencv_calib3d",
					"-lopencv_core",
					"-lopencv_features2d",
					"-lopencv_flann",
					"-lopencv_highgui",
					"-lopencv_imgcodecs",
					"-lopencv_imgproc",
					"-lopencv_ml",
					"-lopencv_objdetect",
					"-lopencv_photo",
					"-lopencv_shape",
					"-lopencv_stitching",
					"-lopencv_superres",
					"-lopencv_ts",
					"-lopencv_video",
					"-lopencv_videoio",
					"-lopencv_videostab",
				);
				PRODUCT_NAME = "$(TARGET_NAME)";
			};
			name = Release;
		};
/* End XCBuildConfiguration section */

/* Begin XCConfigurationList section */
		55CA6B951B5F5F7F00C36D3D /* Build configuration list for PBXProject "ProcessImage" */ = {
			isa = XCConfigurationList;
			buildConfigurations = (
				55CA6B9F1B5F5F7F00C36D3D /* Debug */,
				55CA6BA01B5F5F7F00C36D3D /* Release */,
			);
			defaultConfigurationIsVisible = 0;
			defaultConfigurationName = Release;
		};
		55CA6BA11B5F5F7F00C36D3D /* Build configuration list for PBXNativeTarget "ProcessImage" */ = {
			isa = XCConfigurationList;
			buildConfigurations = (
				55CA6BA21B5F5F7F00C36D3D /* Debug */,
				55CA6BA31B5F5F7F00C36D3D /* Release */,
			);
			defaultConfigurationIsVisible = 0;
			defaultConfigurationName = Release;
		};
/* End XCConfigurationList section */
	};
	rootObject = 55CA6B921B5F5F7F00C36D3D /* Project object */;
}
